// !$*UTF8*$!
{
	archiveVersion = 1;
	classes = {
	};
	objectVersion = 50;
	objects = {

/* Begin PBXBuildFile section */
		8A4F254E2176AACD0068830E /* AppDelegate.swift in Sources */ = {isa = PBXBuildFile; fileRef = 8A4F254D2176AACD0068830E /* AppDelegate.swift */; };
		8A4F25502176AACD0068830E /* ViewController.swift in Sources */ = {isa = PBXBuildFile; fileRef = 8A4F254F2176AACD0068830E /* ViewController.swift */; };
		8A4F25532176AACD0068830E /* Main.storyboard in Resources */ = {isa = PBXBuildFile; fileRef = 8A4F25512176AACD0068830E /* Main.storyboard */; };
		8A4F25552176AACD0068830E /* Assets.xcassets in Resources */ = {isa = PBXBuildFile; fileRef = 8A4F25542176AACD0068830E /* Assets.xcassets */; };
		8A4F25582176AACD0068830E /* LaunchScreen.storyboard in Resources */ = {isa = PBXBuildFile; fileRef = 8A4F25562176AACD0068830E /* LaunchScreen.storyboard */; };
		8A4F25632176AACE0068830E /* AlfaMedicTests.swift in Sources */ = {isa = PBXBuildFile; fileRef = 8A4F25622176AACE0068830E /* AlfaMedicTests.swift */; };
		8A4F256E2176AACE0068830E /* AlfaMedicUITests.swift in Sources */ = {isa = PBXBuildFile; fileRef = 8A4F256D2176AACE0068830E /* AlfaMedicUITests.swift */; };
/* End PBXBuildFile section */

/* Begin PBXContainerItemProxy section */
		8A4F255F2176AACE0068830E /* PBXContainerItemProxy */ = {
			isa = PBXContainerItemProxy;
			containerPortal = 8A4F25422176AACD0068830E /* Project object */;
			proxyType = 1;
			remoteGlobalIDString = 8A4F25492176AACD0068830E;
			remoteInfo = AlfaMedic;
		};
		8A4F256A2176AACE0068830E /* PBXContainerItemProxy */ = {
			isa = PBXContainerItemProxy;
			containerPortal = 8A4F25422176AACD0068830E /* Project object */;
			proxyType = 1;
			remoteGlobalIDString = 8A4F25492176AACD0068830E;
			remoteInfo = AlfaMedic;
		};
/* End PBXContainerItemProxy section */

/* Begin PBXFileReference section */
		8A4F254A2176AACD0068830E /* AlfaMedic.app */ = {isa = PBXFileReference; explicitFileType = wrapper.application; includeInIndex = 0; path = AlfaMedic.app; sourceTree = BUILT_PRODUCTS_DIR; };
		8A4F254D2176AACD0068830E /* AppDelegate.swift */ = {isa = PBXFileReference; lastKnownFileType = sourcecode.swift; path = AppDelegate.swift; sourceTree = "<group>"; };
		8A4F254F2176AACD0068830E /* ViewController.swift */ = {isa = PBXFileReference; lastKnownFileType = sourcecode.swift; path = ViewController.swift; sourceTree = "<group>"; };
		8A4F25522176AACD0068830E /* Base */ = {isa = PBXFileReference; lastKnownFileType = file.storyboard; name = Base; path = Base.lproj/Main.storyboard; sourceTree = "<group>"; };
		8A4F25542176AACD0068830E /* Assets.xcassets */ = {isa = PBXFileReference; lastKnownFileType = folder.assetcatalog; path = Assets.xcassets; sourceTree = "<group>"; };
		8A4F25572176AACD0068830E /* Base */ = {isa = PBXFileReference; lastKnownFileType = file.storyboard; name = Base; path = Base.lproj/LaunchScreen.storyboard; sourceTree = "<group>"; };
		8A4F25592176AACD0068830E /* Info.plist */ = {isa = PBXFileReference; lastKnownFileType = text.plist.xml; path = Info.plist; sourceTree = "<group>"; };
		8A4F255E2176AACE0068830E /* AlfaMedicTests.xctest */ = {isa = PBXFileReference; explicitFileType = wrapper.cfbundle; includeInIndex = 0; path = AlfaMedicTests.xctest; sourceTree = BUILT_PRODUCTS_DIR; };
		8A4F25622176AACE0068830E /* AlfaMedicTests.swift */ = {isa = PBXFileReference; lastKnownFileType = sourcecode.swift; path = AlfaMedicTests.swift; sourceTree = "<group>"; };
		8A4F25642176AACE0068830E /* Info.plist */ = {isa = PBXFileReference; lastKnownFileType = text.plist.xml; path = Info.plist; sourceTree = "<group>"; };
		8A4F25692176AACE0068830E /* AlfaMedicUITests.xctest */ = {isa = PBXFileReference; explicitFileType = wrapper.cfbundle; includeInIndex = 0; path = AlfaMedicUITests.xctest; sourceTree = BUILT_PRODUCTS_DIR; };
		8A4F256D2176AACE0068830E /* AlfaMedicUITests.swift */ = {isa = PBXFileReference; lastKnownFileType = sourcecode.swift; path = AlfaMedicUITests.swift; sourceTree = "<group>"; };
		8A4F256F2176AACE0068830E /* Info.plist */ = {isa = PBXFileReference; lastKnownFileType = text.plist.xml; path = Info.plist; sourceTree = "<group>"; };
/* End PBXFileReference section */

/* Begin PBXFrameworksBuildPhase section */
		8A4F25472176AACD0068830E /* Frameworks */ = {
			isa = PBXFrameworksBuildPhase;
			buildActionMask = 2147483647;
			files = (
			);
			runOnlyForDeploymentPostprocessing = 0;
		};
		8A4F255B2176AACE0068830E /* Frameworks */ = {
			isa = PBXFrameworksBuildPhase;
			buildActionMask = 2147483647;
			files = (
			);
			runOnlyForDeploymentPostprocessing = 0;
		};
		8A4F25662176AACE0068830E /* Frameworks */ = {
			isa = PBXFrameworksBuildPhase;
			buildActionMask = 2147483647;
			files = (
			);
			runOnlyForDeploymentPostprocessing = 0;
		};
/* End PBXFrameworksBuildPhase section */

/* Begin PBXGroup section */
		8A4F25412176AACD0068830E = {
			isa = PBXGroup;
			children = (
				8A4F254C2176AACD0068830E /* AlfaMedic */,
				8A4F25612176AACE0068830E /* AlfaMedicTests */,
				8A4F256C2176AACE0068830E /* AlfaMedicUITests */,
				8A4F254B2176AACD0068830E /* Products */,
			);
			sourceTree = "<group>";
		};
		8A4F254B2176AACD0068830E /* Products */ = {
			isa = PBXGroup;
			children = (
				8A4F254A2176AACD0068830E /* AlfaMedic.app */,
				8A4F255E2176AACE0068830E /* AlfaMedicTests.xctest */,
				8A4F25692176AACE0068830E /* AlfaMedicUITests.xctest */,
			);
			name = Products;
			sourceTree = "<group>";
		};
		8A4F254C2176AACD0068830E /* AlfaMedic */ = {
			isa = PBXGroup;
			children = (
				8A4F254D2176AACD0068830E /* AppDelegate.swift */,
				8A4F254F2176AACD0068830E /* ViewController.swift */,
				8A4F25512176AACD0068830E /* Main.storyboard */,
				8A4F25542176AACD0068830E /* Assets.xcassets */,
				8A4F25562176AACD0068830E /* LaunchScreen.storyboard */,
				8A4F25592176AACD0068830E /* Info.plist */,
			);
			path = AlfaMedic;
			sourceTree = "<group>";
		};
		8A4F25612176AACE0068830E /* AlfaMedicTests */ = {
			isa = PBXGroup;
			children = (
				8A4F25622176AACE0068830E /* AlfaMedicTests.swift */,
				8A4F25642176AACE0068830E /* Info.plist */,
			);
			path = AlfaMedicTests;
			sourceTree = "<group>";
		};
		8A4F256C2176AACE0068830E /* AlfaMedicUITests */ = {
			isa = PBXGroup;
			children = (
				8A4F256D2176AACE0068830E /* AlfaMedicUITests.swift */,
				8A4F256F2176AACE0068830E /* Info.plist */,
			);
			path = AlfaMedicUITests;
			sourceTree = "<group>";
		};
/* End PBXGroup section */

/* Begin PBXNativeTarget section */
		8A4F25492176AACD0068830E /* AlfaMedic */ = {
			isa = PBXNativeTarget;
			buildConfigurationList = 8A4F25722176AACE0068830E /* Build configuration list for PBXNativeTarget "AlfaMedic" */;
			buildPhases = (
				8A4F25462176AACD0068830E /* Sources */,
				8A4F25472176AACD0068830E /* Frameworks */,
				8A4F25482176AACD0068830E /* Resources */,
			);
			buildRules = (
			);
			dependencies = (
			);
			name = AlfaMedic;
			productName = AlfaMedic;
			productReference = 8A4F254A2176AACD0068830E /* AlfaMedic.app */;
			productType = "com.apple.product-type.application";
		};
		8A4F255D2176AACE0068830E /* AlfaMedicTests */ = {
			isa = PBXNativeTarget;
			buildConfigurationList = 8A4F25752176AACE0068830E /* Build configuration list for PBXNativeTarget "AlfaMedicTests" */;
			buildPhases = (
				8A4F255A2176AACE0068830E /* Sources */,
				8A4F255B2176AACE0068830E /* Frameworks */,
				8A4F255C2176AACE0068830E /* Resources */,
			);
			buildRules = (
			);
			dependencies = (
				8A4F25602176AACE0068830E /* PBXTargetDependency */,
			);
			name = AlfaMedicTests;
			productName = AlfaMedicTests;
			productReference = 8A4F255E2176AACE0068830E /* AlfaMedicTests.xctest */;
			productType = "com.apple.product-type.bundle.unit-test";
		};
		8A4F25682176AACE0068830E /* AlfaMedicUITests */ = {
			isa = PBXNativeTarget;
			buildConfigurationList = 8A4F25782176AACE0068830E /* Build configuration list for PBXNativeTarget "AlfaMedicUITests" */;
			buildPhases = (
				8A4F25652176AACE0068830E /* Sources */,
				8A4F25662176AACE0068830E /* Frameworks */,
				8A4F25672176AACE0068830E /* Resources */,
			);
			buildRules = (
			);
			dependencies = (
				8A4F256B2176AACE0068830E /* PBXTargetDependency */,
			);
			name = AlfaMedicUITests;
			productName = AlfaMedicUITests;
			productReference = 8A4F25692176AACE0068830E /* AlfaMedicUITests.xctest */;
			productType = "com.apple.product-type.bundle.ui-testing";
		};
/* End PBXNativeTarget section */

/* Begin PBXProject section */
		8A4F25422176AACD0068830E /* Project object */ = {
			isa = PBXProject;
			attributes = {
				LastSwiftUpdateCheck = 1000;
				LastUpgradeCheck = 1000;
				ORGANIZATIONNAME = "Diagonal World Corporation OÜ";
				TargetAttributes = {
					8A4F25492176AACD0068830E = {
						CreatedOnToolsVersion = 10.0;
					};
					8A4F255D2176AACE0068830E = {
						CreatedOnToolsVersion = 10.0;
						TestTargetID = 8A4F25492176AACD0068830E;
					};
					8A4F25682176AACE0068830E = {
						CreatedOnToolsVersion = 10.0;
						TestTargetID = 8A4F25492176AACD0068830E;
					};
				};
			};
			buildConfigurationList = 8A4F25452176AACD0068830E /* Build configuration list for PBXProject "AlfaMedic" */;
			compatibilityVersion = "Xcode 9.3";
			developmentRegion = en;
			hasScannedForEncodings = 0;
			knownRegions = (
				en,
				Base,
			);
			mainGroup = 8A4F25412176AACD0068830E;
			productRefGroup = 8A4F254B2176AACD0068830E /* Products */;
			projectDirPath = "";
			projectRoot = "";
			targets = (
				8A4F25492176AACD0068830E /* AlfaMedic */,
				8A4F255D2176AACE0068830E /* AlfaMedicTests */,
				8A4F25682176AACE0068830E /* AlfaMedicUITests */,
			);
		};
/* End PBXProject section */

/* Begin PBXResourcesBuildPhase section */
		8A4F25482176AACD0068830E /* Resources */ = {
			isa = PBXResourcesBuildPhase;
			buildActionMask = 2147483647;
			files = (
				8A4F25582176AACD0068830E /* LaunchScreen.storyboard in Resources */,
				8A4F25552176AACD0068830E /* Assets.xcassets in Resources */,
				8A4F25532176AACD0068830E /* Main.storyboard in Resources */,
			);
			runOnlyForDeploymentPostprocessing = 0;
		};
		8A4F255C2176AACE0068830E /* Resources */ = {
			isa = PBXResourcesBuildPhase;
			buildActionMask = 2147483647;
			files = (
			);
			runOnlyForDeploymentPostprocessing = 0;
		};
		8A4F25672176AACE0068830E /* Resources */ = {
			isa = PBXResourcesBuildPhase;
			buildActionMask = 2147483647;
			files = (
			);
			runOnlyForDeploymentPostprocessing = 0;
		};
/* End PBXResourcesBuildPhase section */

/* Begin PBXSourcesBuildPhase section */
		8A4F25462176AACD0068830E /* Sources */ = {
			isa = PBXSourcesBuildPhase;
			buildActionMask = 2147483647;
			files = (
				8A4F25502176AACD0068830E /* ViewController.swift in Sources */,
				8A4F254E2176AACD0068830E /* AppDelegate.swift in Sources */,
			);
			runOnlyForDeploymentPostprocessing = 0;
		};
		8A4F255A2176AACE0068830E /* Sources */ = {
			isa = PBXSourcesBuildPhase;
			buildActionMask = 2147483647;
			files = (
				8A4F25632176AACE0068830E /* AlfaMedicTests.swift in Sources */,
			);
			runOnlyForDeploymentPostprocessing = 0;
		};
		8A4F25652176AACE0068830E /* Sources */ = {
			isa = PBXSourcesBuildPhase;
			buildActionMask = 2147483647;
			files = (
				8A4F256E2176AACE0068830E /* AlfaMedicUITests.swift in Sources */,
			);
			runOnlyForDeploymentPostprocessing = 0;
		};
/* End PBXSourcesBuildPhase section */

/* Begin PBXTargetDependency section */
		8A4F25602176AACE0068830E /* PBXTargetDependency */ = {
			isa = PBXTargetDependency;
			target = 8A4F25492176AACD0068830E /* AlfaMedic */;
			targetProxy = 8A4F255F2176AACE0068830E /* PBXContainerItemProxy */;
		};
		8A4F256B2176AACE0068830E /* PBXTargetDependency */ = {
			isa = PBXTargetDependency;
			target = 8A4F25492176AACD0068830E /* AlfaMedic */;
			targetProxy = 8A4F256A2176AACE0068830E /* PBXContainerItemProxy */;
		};
/* End PBXTargetDependency section */

/* Begin PBXVariantGroup section */
		8A4F25512176AACD0068830E /* Main.storyboard */ = {
			isa = PBXVariantGroup;
			children = (
				8A4F25522176AACD0068830E /* Base */,
			);
			name = Main.storyboard;
			sourceTree = "<group>";
		};
		8A4F25562176AACD0068830E /* LaunchScreen.storyboard */ = {
			isa = PBXVariantGroup;
			children = (
				8A4F25572176AACD0068830E /* Base */,
			);
			name = LaunchScreen.storyboard;
			sourceTree = "<group>";
		};
/* End PBXVariantGroup section */

/* Begin XCBuildConfiguration section */
		8A4F25702176AACE0068830E /* Debug */ = {
			isa = XCBuildConfiguration;
			buildSettings = {
				ALWAYS_SEARCH_USER_PATHS = NO;
				CLANG_ANALYZER_NONNULL = YES;
				CLANG_ANALYZER_NUMBER_OBJECT_CONVERSION = YES_AGGRESSIVE;
				CLANG_CXX_LANGUAGE_STANDARD = "gnu++14";
				CLANG_CXX_LIBRARY = "libc++";
				CLANG_ENABLE_MODULES = YES;
				CLANG_ENABLE_OBJC_ARC = YES;
				CLANG_ENABLE_OBJC_WEAK = YES;
				CLANG_WARN_BLOCK_CAPTURE_AUTORELEASING = YES;
				CLANG_WARN_BOOL_CONVERSION = YES;
				CLANG_WARN_COMMA = YES;
				CLANG_WARN_CONSTANT_CONVERSION = YES;
				CLANG_WARN_DEPRECATED_OBJC_IMPLEMENTATIONS = YES;
				CLANG_WARN_DIRECT_OBJC_ISA_USAGE = YES_ERROR;
				CLANG_WARN_DOCUMENTATION_COMMENTS = YES;
				CLANG_WARN_EMPTY_BODY = YES;
				CLANG_WARN_ENUM_CONVERSION = YES;
				CLANG_WARN_INFINITE_RECURSION = YES;
				CLANG_WARN_INT_CONVERSION = YES;
				CLANG_WARN_NON_LITERAL_NULL_CONVERSION = YES;
				CLANG_WARN_OBJC_IMPLICIT_RETAIN_SELF = YES;
				CLANG_WARN_OBJC_LITERAL_CONVERSION = YES;
				CLANG_WARN_OBJC_ROOT_CLASS = YES_ERROR;
				CLANG_WARN_RANGE_LOOP_ANALYSIS = YES;
				CLANG_WARN_STRICT_PROTOTYPES = YES;
				CLANG_WARN_SUSPICIOUS_MOVE = YES;
				CLANG_WARN_UNGUARDED_AVAILABILITY = YES_AGGRESSIVE;
				CLANG_WARN_UNREACHABLE_CODE = YES;
				CLANG_WARN__DUPLICATE_METHOD_MATCH = YES;
				CODE_SIGN_IDENTITY = "iPhone Developer";
				COPY_PHASE_STRIP = NO;
				DEBUG_INFORMATION_FORMAT = dwarf;
				ENABLE_STRICT_OBJC_MSGSEND = YES;
				ENABLE_TESTABILITY = YES;
				GCC_C_LANGUAGE_STANDARD = gnu11;
				GCC_DYNAMIC_NO_PIC = NO;
				GCC_NO_COMMON_BLOCKS = YES;
				GCC_OPTIMIZATION_LEVEL = 0;
				GCC_PREPROCESSOR_DEFINITIONS = (
					"DEBUG=1",
					"$(inherited)",
				);
				GCC_WARN_64_TO_32_BIT_CONVERSION = YES;
				GCC_WARN_ABOUT_RETURN_TYPE = YES_ERROR;
				GCC_WARN_UNDECLARED_SELECTOR = YES;
				GCC_WARN_UNINITIALIZED_AUTOS = YES_AGGRESSIVE;
				GCC_WARN_UNUSED_FUNCTION = YES;
				GCC_WARN_UNUSED_VARIABLE = YES;
				IPHONEOS_DEPLOYMENT_TARGET = 12.0;
				MTL_ENABLE_DEBUG_INFO = INCLUDE_SOURCE;
				MTL_FAST_MATH = YES;
				ONLY_ACTIVE_ARCH = YES;
				SDKROOT = iphoneos;
				SWIFT_ACTIVE_COMPILATION_CONDITIONS = DEBUG;
				SWIFT_OPTIMIZATION_LEVEL = "-Onone";
			};
			name = Debug;
		};
		8A4F25712176AACE0068830E /* Release */ = {
			isa = XCBuildConfiguration;
			buildSettings = {
				ALWAYS_SEARCH_USER_PATHS = NO;
				CLANG_ANALYZER_NONNULL = YES;
				CLANG_ANALYZER_NUMBER_OBJECT_CONVERSION = YES_AGGRESSIVE;
				CLANG_CXX_LANGUAGE_STANDARD = "gnu++14";
				CLANG_CXX_LIBRARY = "libc++";
				CLANG_ENABLE_MODULES = YES;
				CLANG_ENABLE_OBJC_ARC = YES;
				CLANG_ENABLE_OBJC_WEAK = YES;
				CLANG_WARN_BLOCK_CAPTURE_AUTORELEASING = YES;
				CLANG_WARN_BOOL_CONVERSION = YES;
				CLANG_WARN_COMMA = YES;
				CLANG_WARN_CONSTANT_CONVERSION = YES;
				CLANG_WARN_DEPRECATED_OBJC_IMPLEMENTATIONS = YES;
				CLANG_WARN_DIRECT_OBJC_ISA_USAGE = YES_ERROR;
				CLANG_WARN_DOCUMENTATION_COMMENTS = YES;
				CLANG_WARN_EMPTY_BODY = YES;
				CLANG_WARN_ENUM_CONVERSION = YES;
				CLANG_WARN_INFINITE_RECURSION = YES;
				CLANG_WARN_INT_CONVERSION = YES;
				CLANG_WARN_NON_LITERAL_NULL_CONVERSION = YES;
				CLANG_WARN_OBJC_IMPLICIT_RETAIN_SELF = YES;
				CLANG_WARN_OBJC_LITERAL_CONVERSION = YES;
				CLANG_WARN_OBJC_ROOT_CLASS = YES_ERROR;
				CLANG_WARN_RANGE_LOOP_ANALYSIS = YES;
				CLANG_WARN_STRICT_PROTOTYPES = YES;
				CLANG_WARN_SUSPICIOUS_MOVE = YES;
				CLANG_WARN_UNGUARDED_AVAILABILITY = YES_AGGRESSIVE;
				CLANG_WARN_UNREACHABLE_CODE = YES;
				CLANG_WARN__DUPLICATE_METHOD_MATCH = YES;
				CODE_SIGN_IDENTITY = "iPhone Developer";
				COPY_PHASE_STRIP = NO;
				DEBUG_INFORMATION_FORMAT = "dwarf-with-dsym";
				ENABLE_NS_ASSERTIONS = NO;
				ENABLE_STRICT_OBJC_MSGSEND = YES;
				GCC_C_LANGUAGE_STANDARD = gnu11;
				GCC_NO_COMMON_BLOCKS = YES;
				GCC_WARN_64_TO_32_BIT_CONVERSION = YES;
				GCC_WARN_ABOUT_RETURN_TYPE = YES_ERROR;
				GCC_WARN_UNDECLARED_SELECTOR = YES;
				GCC_WARN_UNINITIALIZED_AUTOS = YES_AGGRESSIVE;
				GCC_WARN_UNUSED_FUNCTION = YES;
				GCC_WARN_UNUSED_VARIABLE = YES;
				IPHONEOS_DEPLOYMENT_TARGET = 12.0;
				MTL_ENABLE_DEBUG_INFO = NO;
				MTL_FAST_MATH = YES;
				SDKROOT = iphoneos;
				SWIFT_COMPILATION_MODE = wholemodule;
				SWIFT_OPTIMIZATION_LEVEL = "-O";
				VALIDATE_PRODUCT = YES;
			};
			name = Release;
		};
		8A4F25732176AACE0068830E /* Debug */ = {
			isa = XCBuildConfiguration;
			buildSettings = {
				ASSETCATALOG_COMPILER_APPICON_NAME = AppIcon;
				CODE_SIGN_STYLE = Automatic;
				INFOPLIST_FILE = AlfaMedic/Info.plist;
				LD_RUNPATH_SEARCH_PATHS = (
					"$(inherited)",
					"@executable_path/Frameworks",
				);
				PRODUCT_BUNDLE_IDENTIFIER = es.alfamedic.AlfaMedic;
				PRODUCT_NAME = "$(TARGET_NAME)";
				SWIFT_VERSION = 4.2;
				TARGETED_DEVICE_FAMILY = "1,2";
			};
			name = Debug;
		};
		8A4F25742176AACE0068830E /* Release */ = {
			isa = XCBuildConfiguration;
			buildSettings = {
				ASSETCATALOG_COMPILER_APPICON_NAME = AppIcon;
				CODE_SIGN_STYLE = Automatic;
				INFOPLIST_FILE = AlfaMedic/Info.plist;
				LD_RUNPATH_SEARCH_PATHS = (
					"$(inherited)",
					"@executable_path/Frameworks",
				);
				PRODUCT_BUNDLE_IDENTIFIER = es.alfamedic.AlfaMedic;
				PRODUCT_NAME = "$(TARGET_NAME)";
				SWIFT_VERSION = 4.2;
				TARGETED_DEVICE_FAMILY = "1,2";
			};
			name = Release;
		};
		8A4F25762176AACE0068830E /* Debug */ = {
			isa = XCBuildConfiguration;
			buildSettings = {
				ALWAYS_EMBED_SWIFT_STANDARD_LIBRARIES = YES;
				BUNDLE_LOADER = "$(TEST_HOST)";
				CODE_SIGN_STYLE = Automatic;
				INFOPLIST_FILE = AlfaMedicTests/Info.plist;
				LD_RUNPATH_SEARCH_PATHS = (
					"$(inherited)",
					"@executable_path/Frameworks",
					"@loader_path/Frameworks",
				);
				PRODUCT_BUNDLE_IDENTIFIER = es.alfamedic.AlfaMedicTests;
				PRODUCT_NAME = "$(TARGET_NAME)";
				SWIFT_VERSION = 4.2;
				TARGETED_DEVICE_FAMILY = "1,2";
				TEST_HOST = "$(BUILT_PRODUCTS_DIR)/AlfaMedic.app/AlfaMedic";
			};
			name = Debug;
		};
		8A4F25772176AACE0068830E /* Release */ = {
			isa = XCBuildConfiguration;
			buildSettings = {
				ALWAYS_EMBED_SWIFT_STANDARD_LIBRARIES = YES;
				BUNDLE_LOADER = "$(TEST_HOST)";
				CODE_SIGN_STYLE = Automatic;
				INFOPLIST_FILE = AlfaMedicTests/Info.plist;
				LD_RUNPATH_SEARCH_PATHS = (
					"$(inherited)",
					"@executable_path/Frameworks",
					"@loader_path/Frameworks",
				);
				PRODUCT_BUNDLE_IDENTIFIER = es.alfamedic.AlfaMedicTests;
				PRODUCT_NAME = "$(TARGET_NAME)";
				SWIFT_VERSION = 4.2;
				TARGETED_DEVICE_FAMILY = "1,2";
				TEST_HOST = "$(BUILT_PRODUCTS_DIR)/AlfaMedic.app/AlfaMedic";
			};
			name = Release;
		};
		8A4F25792176AACE0068830E /* Debug */ = {
			isa = XCBuildConfiguration;
			buildSettings = {
				ALWAYS_EMBED_SWIFT_STANDARD_LIBRARIES = YES;
				CODE_SIGN_STYLE = Automatic;
				INFOPLIST_FILE = AlfaMedicUITests/Info.plist;
				LD_RUNPATH_SEARCH_PATHS = (
					"$(inherited)",
					"@executable_path/Frameworks",
					"@loader_path/Frameworks",
				);
				PRODUCT_BUNDLE_IDENTIFIER = es.alfamedic.AlfaMedicUITests;
				PRODUCT_NAME = "$(TARGET_NAME)";
				SWIFT_VERSION = 4.2;
				TARGETED_DEVICE_FAMILY = "1,2";
				TEST_TARGET_NAME = AlfaMedic;
			};
			name = Debug;
		};
		8A4F257A2176AACE0068830E /* Release */ = {
			isa = XCBuildConfiguration;
			buildSettings = {
				ALWAYS_EMBED_SWIFT_STANDARD_LIBRARIES = YES;
				CODE_SIGN_STYLE = Automatic;
				INFOPLIST_FILE = AlfaMedicUITests/Info.plist;
				LD_RUNPATH_SEARCH_PATHS = (
					"$(inherited)",
					"@executable_path/Frameworks",
					"@loader_path/Frameworks",
				);
				PRODUCT_BUNDLE_IDENTIFIER = es.alfamedic.AlfaMedicUITests;
				PRODUCT_NAME = "$(TARGET_NAME)";
				SWIFT_VERSION = 4.2;
				TARGETED_DEVICE_FAMILY = "1,2";
				TEST_TARGET_NAME = AlfaMedic;
			};
			name = Release;
		};
/* End XCBuildConfiguration section */

/* Begin XCConfigurationList section */
		8A4F25452176AACD0068830E /* Build configuration list for PBXProject "AlfaMedic" */ = {
			isa = XCConfigurationList;
			buildConfigurations = (
				8A4F25702176AACE0068830E /* Debug */,
				8A4F25712176AACE0068830E /* Release */,
			);
			defaultConfigurationIsVisible = 0;
			defaultConfigurationName = Release;
		};
		8A4F25722176AACE0068830E /* Build configuration list for PBXNativeTarget "AlfaMedic" */ = {
			isa = XCConfigurationList;
			buildConfigurations = (
				8A4F25732176AACE0068830E /* Debug */,
				8A4F25742176AACE0068830E /* Release */,
			);
			defaultConfigurationIsVisible = 0;
			defaultConfigurationName = Release;
		};
		8A4F25752176AACE0068830E /* Build configuration list for PBXNativeTarget "AlfaMedicTests" */ = {
			isa = XCConfigurationList;
			buildConfigurations = (
				8A4F25762176AACE0068830E /* Debug */,
				8A4F25772176AACE0068830E /* Release */,
			);
			defaultConfigurationIsVisible = 0;
			defaultConfigurationName = Release;
		};
		8A4F25782176AACE0068830E /* Build configuration list for PBXNativeTarget "AlfaMedicUITests" */ = {
			isa = XCConfigurationList;
			buildConfigurations = (
				8A4F25792176AACE0068830E /* Debug */,
				8A4F257A2176AACE0068830E /* Release */,
			);
			defaultConfigurationIsVisible = 0;
			defaultConfigurationName = Release;
		};
/* End XCConfigurationList section */
	};
	rootObject = 8A4F25422176AACD0068830E /* Project object */;
}
